
Microsoft Visual Studio Solution File, Format Version 12.00
# Visual Studio Version 16
VisualStudioVersion = 16.0.29519.87
MinimumVisualStudioVersion = 10.0.40219.1
Project("{2150E333-8FDC-42A3-9474-1A3956D46DE8}") = "tests", "tests", "{DE9991AB-E783-4C47-B224-BFE5493F2A9B}"
EndProject
Project("{2150E333-8FDC-42A3-9474-1A3956D46DE8}") = "src", "src", "{3A9F57E8-52F8-4A65-93B7-910383111244}"
	ProjectSection(SolutionItems) = preProject
		src\Directory.Build.props = src\Directory.Build.props
	EndProjectSection
EndProject
Project("{9A19103F-16F7-4668-BE54-9A1E7A4F7556}") = "Panther", "src\Panther\Panther.csproj", "{7122216E-DCED-4E69-87A6-7AD3388E6552}"
EndProject
Project("{9A19103F-16F7-4668-BE54-9A1E7A4F7556}") = "Panther.Tests", "tests\Panther.Tests\Panther.Tests.csproj", "{BCA3FE64-88D0-475D-943D-B62D07EA288E}"
EndProject
Project("{2150E333-8FDC-42A3-9474-1A3956D46DE8}") = "Solution Items", "Solution Items", "{E2DD9A29-36B1-4ABC-9F21-BD9B64B51BBF}"
	ProjectSection(SolutionItems) = preProject
		.gitignore = .gitignore
		README.md = README.md
		pnc.cmd = pnc.cmd
		pnc.sh = pnc.sh
		global.json = global.json
		CHANGELOG.md = CHANGELOG.md
	EndProjectSection
EndProject
Project("{9A19103F-16F7-4668-BE54-9A1E7A4F7556}") = "_build", "build\_build.csproj", "{2C7EA852-0336-45D4-9AAA-D3A5D1F2F4AA}"
EndProject
Project("{9A19103F-16F7-4668-BE54-9A1E7A4F7556}") = "Panther.StdLib.CS", "src\Panther.StdLib.CS\Panther.StdLib.CS.csproj", "{7CF9CF6A-89F2-4DA5-BE1D-75887BA6E5EB}"
EndProject
Project("{9A19103F-16F7-4668-BE54-9A1E7A4F7556}") = "Panther.Generators", "src\Panther.Generators\Panther.Generators.csproj", "{DD9FBDF6-61EA-40C8-93FA-CC7792E32822}"
EndProject
Project("{FAE04EC0-301F-11D3-BF4B-00C04F79EFBC}") = "Panther.TestStdLib", "tests\Panther.TestStdLib\Panther.TestStdLib.csproj", "{3D577B7A-B3B2-426A-B891-ED3DA62F3BE1}"
EndProject
Project("{FAE04EC0-301F-11D3-BF4B-00C04F79EFBC}") = "Panther.SyntaxGen", "src\Panther.SyntaxGen\Panther.SyntaxGen.csproj", "{898E175B-F2B0-401D-9148-B436FE3D6374}"
EndProject
Project("{FAE04EC0-301F-11D3-BF4B-00C04F79EFBC}") = "Panther.StdLib", "src\Panther.StdLib\Panther.StdLib.pnproj", "{B7D410BD-85DE-4FA6-A82B-75B6A2326C35}"
EndProject
Global
	GlobalSection(SolutionConfigurationPlatforms) = preSolution
		Debug|Any CPU = Debug|Any CPU
		Release|Any CPU = Release|Any CPU
	EndGlobalSection
	GlobalSection(ProjectConfigurationPlatforms) = postSolution
		{7122216E-DCED-4E69-87A6-7AD3388E6552}.Debug|Any CPU.ActiveCfg = Debug|Any CPU
		{7122216E-DCED-4E69-87A6-7AD3388E6552}.Debug|Any CPU.Build.0 = Debug|Any CPU
		{7122216E-DCED-4E69-87A6-7AD3388E6552}.Release|Any CPU.ActiveCfg = Release|Any CPU
		{7122216E-DCED-4E69-87A6-7AD3388E6552}.Release|Any CPU.Build.0 = Release|Any CPU
		{BCA3FE64-88D0-475D-943D-B62D07EA288E}.Debug|Any CPU.ActiveCfg = Debug|Any CPU
		{BCA3FE64-88D0-475D-943D-B62D07EA288E}.Debug|Any CPU.Build.0 = Debug|Any CPU
		{BCA3FE64-88D0-475D-943D-B62D07EA288E}.Release|Any CPU.ActiveCfg = Release|Any CPU
		{BCA3FE64-88D0-475D-943D-B62D07EA288E}.Release|Any CPU.Build.0 = Release|Any CPU
		{2C7EA852-0336-45D4-9AAA-D3A5D1F2F4AA}.Debug|Any CPU.ActiveCfg = Debug|Any CPU
		{2C7EA852-0336-45D4-9AAA-D3A5D1F2F4AA}.Release|Any CPU.ActiveCfg = Release|Any CPU
		{7CF9CF6A-89F2-4DA5-BE1D-75887BA6E5EB}.Debug|Any CPU.ActiveCfg = Debug|Any CPU
		{7CF9CF6A-89F2-4DA5-BE1D-75887BA6E5EB}.Debug|Any CPU.Build.0 = Debug|Any CPU
		{7CF9CF6A-89F2-4DA5-BE1D-75887BA6E5EB}.Release|Any CPU.ActiveCfg = Release|Any CPU
		{7CF9CF6A-89F2-4DA5-BE1D-75887BA6E5EB}.Release|Any CPU.Build.0 = Release|Any CPU
		{DD9FBDF6-61EA-40C8-93FA-CC7792E32822}.Debug|Any CPU.ActiveCfg = Debug|Any CPU
		{DD9FBDF6-61EA-40C8-93FA-CC7792E32822}.Debug|Any CPU.Build.0 = Debug|Any CPU
		{DD9FBDF6-61EA-40C8-93FA-CC7792E32822}.Release|Any CPU.ActiveCfg = Release|Any CPU
		{DD9FBDF6-61EA-40C8-93FA-CC7792E32822}.Release|Any CPU.Build.0 = Release|Any CPU
		{3D577B7A-B3B2-426A-B891-ED3DA62F3BE1}.Debug|Any CPU.ActiveCfg = Debug|Any CPU
		{3D577B7A-B3B2-426A-B891-ED3DA62F3BE1}.Debug|Any CPU.Build.0 = Debug|Any CPU
		{3D577B7A-B3B2-426A-B891-ED3DA62F3BE1}.Release|Any CPU.ActiveCfg = Release|Any CPU
		{3D577B7A-B3B2-426A-B891-ED3DA62F3BE1}.Release|Any CPU.Build.0 = Release|Any CPU
		{898E175B-F2B0-401D-9148-B436FE3D6374}.Debug|Any CPU.ActiveCfg = Debug|Any CPU
		{898E175B-F2B0-401D-9148-B436FE3D6374}.Debug|Any CPU.Build.0 = Debug|Any CPU
		{898E175B-F2B0-401D-9148-B436FE3D6374}.Release|Any CPU.ActiveCfg = Release|Any CPU
		{898E175B-F2B0-401D-9148-B436FE3D6374}.Release|Any CPU.Build.0 = Release|Any CPU
		{B7D410BD-85DE-4FA6-A82B-75B6A2326C35}.Debug|Any CPU.ActiveCfg = Debug|Any CPU
		{B7D410BD-85DE-4FA6-A82B-75B6A2326C35}.Release|Any CPU.ActiveCfg = Release|Any CPU
		{B7D410BD-85DE-4FA6-A82B-75B6A2326C35}.Release|Any CPU.Build.0 = Release|Any CPU
	EndGlobalSection
	GlobalSection(SolutionProperties) = preSolution
		HideSolutionNode = FALSE
	EndGlobalSection
	GlobalSection(NestedProjects) = preSolution
		{7122216E-DCED-4E69-87A6-7AD3388E6552} = {3A9F57E8-52F8-4A65-93B7-910383111244}
		{BCA3FE64-88D0-475D-943D-B62D07EA288E} = {DE9991AB-E783-4C47-B224-BFE5493F2A9B}
		{7CF9CF6A-89F2-4DA5-BE1D-75887BA6E5EB} = {3A9F57E8-52F8-4A65-93B7-910383111244}
		{DD9FBDF6-61EA-40C8-93FA-CC7792E32822} = {3A9F57E8-52F8-4A65-93B7-910383111244}
		{3D577B7A-B3B2-426A-B891-ED3DA62F3BE1} = {DE9991AB-E783-4C47-B224-BFE5493F2A9B}
		{898E175B-F2B0-401D-9148-B436FE3D6374} = {3A9F57E8-52F8-4A65-93B7-910383111244}
		{B7D410BD-85DE-4FA6-A82B-75B6A2326C35} = {3A9F57E8-52F8-4A65-93B7-910383111244}
	EndGlobalSection
	GlobalSection(ExtensibilityGlobals) = postSolution
		SolutionGuid = {685AA9B0-62DB-4F96-984D-2922750366A4}
	EndGlobalSection
EndGlobal
